
Microsoft Visual Studio Solution File, Format Version 12.00
# Visual Studio 15
VisualStudioVersion = 15.0.27130.2010
MinimumVisualStudioVersion = 10.0.40219.1
Project("{FAE04EC0-301F-11D3-BF4B-00C04F79EFBC}") = "PojectOrderingFood", "PojectOrderingFood\PojectOrderingFood.csproj", "{0A6CEE7B-DB86-4092-AC44-A56A2B5F698F}"
EndProject
Global
	GlobalSection(SolutionConfigurationPlatforms) = preSolution
		Debug|Any CPU = Debug|Any CPU
		Release|Any CPU = Release|Any CPU
	EndGlobalSection
	GlobalSection(ProjectConfigurationPlatforms) = postSolution
		{0A6CEE7B-DB86-4092-AC44-A56A2B5F698F}.Debug|Any CPU.ActiveCfg = Debug|Any CPU
		{0A6CEE7B-DB86-4092-AC44-A56A2B5F698F}.Debug|Any CPU.Build.0 = Debug|Any CPU
		{0A6CEE7B-DB86-4092-AC44-A56A2B5F698F}.Release|Any CPU.ActiveCfg = Release|Any CPU
		{0A6CEE7B-DB86-4092-AC44-A56A2B5F698F}.Release|Any CPU.Build.0 = Release|Any CPU
	EndGlobalSection
	GlobalSection(SolutionProperties) = preSolution
		HideSolutionNode = FALSE
	EndGlobalSection
	GlobalSection(ExtensibilityGlobals) = postSolution
		SolutionGuid = {2983CBB0-8927-4CCA-BAF6-8CAE604B79E8}
	EndGlobalSection
EndGlobal
